
Microsoft Visual Studio Solution File, Format Version 12.00
# Visual Studio Version 17
VisualStudioVersion = 17.3.32825.248
MinimumVisualStudioVersion = 10.0.40219.1
Project("{FAE04EC0-301F-11D3-BF4B-00C04F79EFBC}") = "機台監測系統", "機台監測系統\機台監測系統.csproj", "{3ED9D50B-E1F5-408D-BC60-F27751D65692}"
EndProject
Global
	GlobalSection(SolutionConfigurationPlatforms) = preSolution
		Debug|Any CPU = Debug|Any CPU
		Release|Any CPU = Release|Any CPU
	EndGlobalSection
	GlobalSection(ProjectConfigurationPlatforms) = postSolution
		{3ED9D50B-E1F5-408D-BC60-F27751D65692}.Debug|Any CPU.ActiveCfg = Debug|Any CPU
		{3ED9D50B-E1F5-408D-BC60-F27751D65692}.Debug|Any CPU.Build.0 = Debug|Any CPU
		{3ED9D50B-E1F5-408D-BC60-F27751D65692}.Release|Any CPU.ActiveCfg = Release|Any CPU
		{3ED9D50B-E1F5-408D-BC60-F27751D65692}.Release|Any CPU.Build.0 = Release|Any CPU
	EndGlobalSection
	GlobalSection(SolutionProperties) = preSolution
		HideSolutionNode = FALSE
	EndGlobalSection
	GlobalSection(ExtensibilityGlobals) = postSolution
		SolutionGuid = {3162A7A8-41E1-451A-AB9D-C0BD13D6D8A9}
	EndGlobalSection
EndGlobal
