
Microsoft Visual Studio Solution File, Format Version 12.00
# Visual Studio Version 17
VisualStudioVersion = 17.8.34316.72
MinimumVisualStudioVersion = 10.0.40219.1
Project("{FAE04EC0-301F-11D3-BF4B-00C04F79EFBC}") = "Tetris", "Tetris.csproj", "{33051AB2-1FB3-412D-A2ED-D1D43418BE6F}"
EndProject
Global
	GlobalSection(SolutionConfigurationPlatforms) = preSolution
		Debug|Any CPU = Debug|Any CPU
		Release|Any CPU = Release|Any CPU
	EndGlobalSection
	GlobalSection(ProjectConfigurationPlatforms) = postSolution
		{33051AB2-1FB3-412D-A2ED-D1D43418BE6F}.Debug|Any CPU.ActiveCfg = Debug|Any CPU
		{33051AB2-1FB3-412D-A2ED-D1D43418BE6F}.Debug|Any CPU.Build.0 = Debug|Any CPU
		{33051AB2-1FB3-412D-A2ED-D1D43418BE6F}.Release|Any CPU.ActiveCfg = Release|Any CPU
		{33051AB2-1FB3-412D-A2ED-D1D43418BE6F}.Release|Any CPU.Build.0 = Release|Any CPU
	EndGlobalSection
	GlobalSection(SolutionProperties) = preSolution
		HideSolutionNode = FALSE
	EndGlobalSection
	GlobalSection(ExtensibilityGlobals) = postSolution
		SolutionGuid = {9CE027D8-CBE7-40C4-BD65-2378B592E01E}
	EndGlobalSection
EndGlobal
