
Microsoft Visual Studio Solution File, Format Version 12.00
# Visual Studio Version 17
VisualStudioVersion = 17.7.34031.279
MinimumVisualStudioVersion = 10.0.40219.1
Project("{FAE04EC0-301F-11D3-BF4B-00C04F79EFBC}") = "C#_CE_3", "C#_CE_3.csproj", "{CC2D773F-3E0A-46EA-9909-030AEFF03D20}"
EndProject
Global
	GlobalSection(SolutionConfigurationPlatforms) = preSolution
		Debug|Any CPU = Debug|Any CPU
		Release|Any CPU = Release|Any CPU
	EndGlobalSection
	GlobalSection(ProjectConfigurationPlatforms) = postSolution
		{CC2D773F-3E0A-46EA-9909-030AEFF03D20}.Debug|Any CPU.ActiveCfg = Debug|Any CPU
		{CC2D773F-3E0A-46EA-9909-030AEFF03D20}.Debug|Any CPU.Build.0 = Debug|Any CPU
		{CC2D773F-3E0A-46EA-9909-030AEFF03D20}.Release|Any CPU.ActiveCfg = Release|Any CPU
		{CC2D773F-3E0A-46EA-9909-030AEFF03D20}.Release|Any CPU.Build.0 = Release|Any CPU
	EndGlobalSection
	GlobalSection(SolutionProperties) = preSolution
		HideSolutionNode = FALSE
	EndGlobalSection
	GlobalSection(ExtensibilityGlobals) = postSolution
		SolutionGuid = {B0085B13-FCD4-4E50-ABCF-2E1C6F648473}
	EndGlobalSection
EndGlobal
