
Microsoft Visual Studio Solution File, Format Version 12.00
# Visual Studio Version 17
VisualStudioVersion = 17.7.34024.191
MinimumVisualStudioVersion = 10.0.40219.1
Project("{FAE04EC0-301F-11D3-BF4B-00C04F79EFBC}") = "C#_HW2-1", "C#_HW2-1.csproj", "{FCFAF60A-7E34-453E-85A1-3D7C9E22449E}"
EndProject
Global
	GlobalSection(SolutionConfigurationPlatforms) = preSolution
		Debug|Any CPU = Debug|Any CPU
		Release|Any CPU = Release|Any CPU
	EndGlobalSection
	GlobalSection(ProjectConfigurationPlatforms) = postSolution
		{FCFAF60A-7E34-453E-85A1-3D7C9E22449E}.Debug|Any CPU.ActiveCfg = Debug|Any CPU
		{FCFAF60A-7E34-453E-85A1-3D7C9E22449E}.Debug|Any CPU.Build.0 = Debug|Any CPU
		{FCFAF60A-7E34-453E-85A1-3D7C9E22449E}.Release|Any CPU.ActiveCfg = Release|Any CPU
		{FCFAF60A-7E34-453E-85A1-3D7C9E22449E}.Release|Any CPU.Build.0 = Release|Any CPU
	EndGlobalSection
	GlobalSection(SolutionProperties) = preSolution
		HideSolutionNode = FALSE
	EndGlobalSection
	GlobalSection(ExtensibilityGlobals) = postSolution
		SolutionGuid = {196711F2-A930-4503-A814-FCC08EBA7F43}
	EndGlobalSection
EndGlobal
